
Microsoft Visual Studio Solution File, Format Version 12.00
# Visual Studio Version 17
VisualStudioVersion = 17.7.34024.191
MinimumVisualStudioVersion = 10.0.40219.1
Project("{2150E333-8FDC-42A3-9474-1A3956D46DE8}") = "Services", "Services", "{496137DD-8827-44AC-9A9A-215A86E5D393}"
EndProject
Project("{2150E333-8FDC-42A3-9474-1A3956D46DE8}") = "Catalog", "Catalog", "{0DC0E95A-57DC-4FE6-84EC-210E3713B718}"
EndProject
Project("{9A19103F-16F7-4668-BE54-9A1E7A4F7556}") = "Catalog.Core", "Services\Catalog\Catalog.Core\Catalog.Core.csproj", "{3EBC8A29-61F8-41E9-A4C4-4B90E2D55A9F}"
EndProject
Project("{9A19103F-16F7-4668-BE54-9A1E7A4F7556}") = "Catalog.Application", "Services\Catalog\Catalog.Application\Catalog.Application.csproj", "{AA1A9190-ED66-4E1B-8119-496EAE0F655D}"
EndProject
Project("{9A19103F-16F7-4668-BE54-9A1E7A4F7556}") = "Catalog.Infrastructure", "Services\Catalog\Catalog.Infrastructure\Catalog.Infrastructure.csproj", "{325F6314-12BB-4767-BD63-353BAB9C5997}"
EndProject
Project("{FAE04EC0-301F-11D3-BF4B-00C04F79EFBC}") = "Catalog.API", "Services\Catalog\Catalog.API\Catalog.API.csproj", "{19A2562E-C30B-4147-9BCA-CC03C8F543BD}"
EndProject
Project("{E53339B2-1760-4266-BCC7-CA923CBCF16C}") = "docker-compose", "docker-compose.dcproj", "{57D262E2-F11D-4525-B299-A39E1B781B9C}"
EndProject
Global
	GlobalSection(SolutionConfigurationPlatforms) = preSolution
		Debug|Any CPU = Debug|Any CPU
		Release|Any CPU = Release|Any CPU
	EndGlobalSection
	GlobalSection(ProjectConfigurationPlatforms) = postSolution
		{3EBC8A29-61F8-41E9-A4C4-4B90E2D55A9F}.Debug|Any CPU.ActiveCfg = Debug|Any CPU
		{3EBC8A29-61F8-41E9-A4C4-4B90E2D55A9F}.Debug|Any CPU.Build.0 = Debug|Any CPU
		{3EBC8A29-61F8-41E9-A4C4-4B90E2D55A9F}.Release|Any CPU.ActiveCfg = Release|Any CPU
		{3EBC8A29-61F8-41E9-A4C4-4B90E2D55A9F}.Release|Any CPU.Build.0 = Release|Any CPU
		{AA1A9190-ED66-4E1B-8119-496EAE0F655D}.Debug|Any CPU.ActiveCfg = Debug|Any CPU
		{AA1A9190-ED66-4E1B-8119-496EAE0F655D}.Debug|Any CPU.Build.0 = Debug|Any CPU
		{AA1A9190-ED66-4E1B-8119-496EAE0F655D}.Release|Any CPU.ActiveCfg = Release|Any CPU
		{AA1A9190-ED66-4E1B-8119-496EAE0F655D}.Release|Any CPU.Build.0 = Release|Any CPU
		{325F6314-12BB-4767-BD63-353BAB9C5997}.Debug|Any CPU.ActiveCfg = Debug|Any CPU
		{325F6314-12BB-4767-BD63-353BAB9C5997}.Debug|Any CPU.Build.0 = Debug|Any CPU
		{325F6314-12BB-4767-BD63-353BAB9C5997}.Release|Any CPU.ActiveCfg = Release|Any CPU
		{325F6314-12BB-4767-BD63-353BAB9C5997}.Release|Any CPU.Build.0 = Release|Any CPU
		{19A2562E-C30B-4147-9BCA-CC03C8F543BD}.Debug|Any CPU.ActiveCfg = Debug|Any CPU
		{19A2562E-C30B-4147-9BCA-CC03C8F543BD}.Debug|Any CPU.Build.0 = Debug|Any CPU
		{19A2562E-C30B-4147-9BCA-CC03C8F543BD}.Release|Any CPU.ActiveCfg = Release|Any CPU
		{19A2562E-C30B-4147-9BCA-CC03C8F543BD}.Release|Any CPU.Build.0 = Release|Any CPU
		{57D262E2-F11D-4525-B299-A39E1B781B9C}.Debug|Any CPU.ActiveCfg = Debug|Any CPU
		{57D262E2-F11D-4525-B299-A39E1B781B9C}.Debug|Any CPU.Build.0 = Debug|Any CPU
		{57D262E2-F11D-4525-B299-A39E1B781B9C}.Release|Any CPU.ActiveCfg = Release|Any CPU
		{57D262E2-F11D-4525-B299-A39E1B781B9C}.Release|Any CPU.Build.0 = Release|Any CPU
	EndGlobalSection
	GlobalSection(SolutionProperties) = preSolution
		HideSolutionNode = FALSE
	EndGlobalSection
	GlobalSection(NestedProjects) = preSolution
		{0DC0E95A-57DC-4FE6-84EC-210E3713B718} = {496137DD-8827-44AC-9A9A-215A86E5D393}
		{3EBC8A29-61F8-41E9-A4C4-4B90E2D55A9F} = {0DC0E95A-57DC-4FE6-84EC-210E3713B718}
		{AA1A9190-ED66-4E1B-8119-496EAE0F655D} = {0DC0E95A-57DC-4FE6-84EC-210E3713B718}
		{325F6314-12BB-4767-BD63-353BAB9C5997} = {0DC0E95A-57DC-4FE6-84EC-210E3713B718}
		{19A2562E-C30B-4147-9BCA-CC03C8F543BD} = {0DC0E95A-57DC-4FE6-84EC-210E3713B718}
	EndGlobalSection
	GlobalSection(ExtensibilityGlobals) = postSolution
		SolutionGuid = {B4B8ABD6-7C51-4E7B-BA17-3C9F182FACA0}
	EndGlobalSection
EndGlobal
