
Microsoft Visual Studio Solution File, Format Version 12.00
# Visual Studio Version 17
VisualStudioVersion = 17.7.34024.191
MinimumVisualStudioVersion = 10.0.40219.1
Project("{2150E333-8FDC-42A3-9474-1A3956D46DE8}") = "Services", "Services", "{496137DD-8827-44AC-9A9A-215A86E5D393}"
EndProject
Project("{2150E333-8FDC-42A3-9474-1A3956D46DE8}") = "Catalog", "Catalog", "{0DC0E95A-57DC-4FE6-84EC-210E3713B718}"
EndProject
Project("{9A19103F-16F7-4668-BE54-9A1E7A4F7556}") = "Catalog.Core", "Services\Catalog\Catalog.Core\Catalog.Core.csproj", "{3EBC8A29-61F8-41E9-A4C4-4B90E2D55A9F}"
EndProject
Project("{9A19103F-16F7-4668-BE54-9A1E7A4F7556}") = "Catalog.Application", "Services\Catalog\Catalog.Application\Catalog.Application.csproj", "{AA1A9190-ED66-4E1B-8119-496EAE0F655D}"
EndProject
Project("{9A19103F-16F7-4668-BE54-9A1E7A4F7556}") = "Catalog.Infrastructure", "Services\Catalog\Catalog.Infrastructure\Catalog.Infrastructure.csproj", "{325F6314-12BB-4767-BD63-353BAB9C5997}"
EndProject
Project("{9A19103F-16F7-4668-BE54-9A1E7A4F7556}") = "Catalog.API", "Services\Catalog\Catalog.API\Catalog.API.csproj", "{19A2562E-C30B-4147-9BCA-CC03C8F543BD}"
EndProject
Project("{E53339B2-1760-4266-BCC7-CA923CBCF16C}") = "docker-compose", "docker-compose.dcproj", "{57D262E2-F11D-4525-B299-A39E1B781B9C}"
EndProject
Project("{2150E333-8FDC-42A3-9474-1A3956D46DE8}") = "Basket", "Basket", "{9FEECEF8-0CA3-4DC8-820C-3FB4BC27B85D}"
EndProject
Project("{9A19103F-16F7-4668-BE54-9A1E7A4F7556}") = "Basket.Core", "Services\Basket\Basket.Core\Basket.Core.csproj", "{953D0C9A-BBFF-4497-8C39-B17028DAE71E}"
EndProject
Project("{9A19103F-16F7-4668-BE54-9A1E7A4F7556}") = "Basket.Application", "Services\Basket\Basket.Application\Basket.Application.csproj", "{22A31A54-7EBC-4581-8F6B-52AFD5E00E93}"
EndProject
Project("{9A19103F-16F7-4668-BE54-9A1E7A4F7556}") = "Basket.Infrastructure", "Services\Basket\Basket.Infrastructure\Basket.Infrastructure.csproj", "{3DD761F9-260E-4D38-9136-2BA9391255C0}"
EndProject
Project("{9A19103F-16F7-4668-BE54-9A1E7A4F7556}") = "Basket.API", "Services\Basket\Basket.API\Basket.API.csproj", "{BCA9B71F-42E4-42CC-A084-5660115BA65B}"
EndProject
Project("{2150E333-8FDC-42A3-9474-1A3956D46DE8}") = "Discount", "Discount", "{B5FC8FBF-F681-41BE-BC32-1902080A2D3F}"
EndProject
Project("{FAE04EC0-301F-11D3-BF4B-00C04F79EFBC}") = "Discount.Core", "Services\Discount\Discount.Core\Discount.Core.csproj", "{F9DBA31B-8E1F-4136-A02D-4733E5A8358E}"
EndProject
Project("{FAE04EC0-301F-11D3-BF4B-00C04F79EFBC}") = "Discount.Application", "Services\Discount\Discount.Application\Discount.Application.csproj", "{4E439B5F-3186-44CE-9621-F0B1ED0FD8A5}"
EndProject
Project("{FAE04EC0-301F-11D3-BF4B-00C04F79EFBC}") = "Discount.Infrastructure", "Services\Discount\Discount.Infrastructure\Discount.Infrastructure.csproj", "{64210D9C-0D4A-47B9-9F90-76EADFE2C6F0}"
EndProject
Project("{FAE04EC0-301F-11D3-BF4B-00C04F79EFBC}") = "Discount.API", "Services\Discount\Discount.API\Discount.API.csproj", "{0ABB0802-A9CB-437F-BFF8-E09E500A5543}"
EndProject
Global
	GlobalSection(SolutionConfigurationPlatforms) = preSolution
		Debug|Any CPU = Debug|Any CPU
		Release|Any CPU = Release|Any CPU
	EndGlobalSection
	GlobalSection(ProjectConfigurationPlatforms) = postSolution
		{3EBC8A29-61F8-41E9-A4C4-4B90E2D55A9F}.Debug|Any CPU.ActiveCfg = Debug|Any CPU
		{3EBC8A29-61F8-41E9-A4C4-4B90E2D55A9F}.Debug|Any CPU.Build.0 = Debug|Any CPU
		{3EBC8A29-61F8-41E9-A4C4-4B90E2D55A9F}.Release|Any CPU.ActiveCfg = Release|Any CPU
		{3EBC8A29-61F8-41E9-A4C4-4B90E2D55A9F}.Release|Any CPU.Build.0 = Release|Any CPU
		{AA1A9190-ED66-4E1B-8119-496EAE0F655D}.Debug|Any CPU.ActiveCfg = Debug|Any CPU
		{AA1A9190-ED66-4E1B-8119-496EAE0F655D}.Debug|Any CPU.Build.0 = Debug|Any CPU
		{AA1A9190-ED66-4E1B-8119-496EAE0F655D}.Release|Any CPU.ActiveCfg = Release|Any CPU
		{AA1A9190-ED66-4E1B-8119-496EAE0F655D}.Release|Any CPU.Build.0 = Release|Any CPU
		{325F6314-12BB-4767-BD63-353BAB9C5997}.Debug|Any CPU.ActiveCfg = Debug|Any CPU
		{325F6314-12BB-4767-BD63-353BAB9C5997}.Debug|Any CPU.Build.0 = Debug|Any CPU
		{325F6314-12BB-4767-BD63-353BAB9C5997}.Release|Any CPU.ActiveCfg = Release|Any CPU
		{325F6314-12BB-4767-BD63-353BAB9C5997}.Release|Any CPU.Build.0 = Release|Any CPU
		{19A2562E-C30B-4147-9BCA-CC03C8F543BD}.Debug|Any CPU.ActiveCfg = Debug|Any CPU
		{19A2562E-C30B-4147-9BCA-CC03C8F543BD}.Debug|Any CPU.Build.0 = Debug|Any CPU
		{19A2562E-C30B-4147-9BCA-CC03C8F543BD}.Release|Any CPU.ActiveCfg = Release|Any CPU
		{19A2562E-C30B-4147-9BCA-CC03C8F543BD}.Release|Any CPU.Build.0 = Release|Any CPU
		{57D262E2-F11D-4525-B299-A39E1B781B9C}.Debug|Any CPU.ActiveCfg = Debug|Any CPU
		{57D262E2-F11D-4525-B299-A39E1B781B9C}.Debug|Any CPU.Build.0 = Debug|Any CPU
		{57D262E2-F11D-4525-B299-A39E1B781B9C}.Release|Any CPU.ActiveCfg = Release|Any CPU
		{57D262E2-F11D-4525-B299-A39E1B781B9C}.Release|Any CPU.Build.0 = Release|Any CPU
		{953D0C9A-BBFF-4497-8C39-B17028DAE71E}.Debug|Any CPU.ActiveCfg = Debug|Any CPU
		{953D0C9A-BBFF-4497-8C39-B17028DAE71E}.Debug|Any CPU.Build.0 = Debug|Any CPU
		{953D0C9A-BBFF-4497-8C39-B17028DAE71E}.Release|Any CPU.ActiveCfg = Release|Any CPU
		{953D0C9A-BBFF-4497-8C39-B17028DAE71E}.Release|Any CPU.Build.0 = Release|Any CPU
		{22A31A54-7EBC-4581-8F6B-52AFD5E00E93}.Debug|Any CPU.ActiveCfg = Debug|Any CPU
		{22A31A54-7EBC-4581-8F6B-52AFD5E00E93}.Debug|Any CPU.Build.0 = Debug|Any CPU
		{22A31A54-7EBC-4581-8F6B-52AFD5E00E93}.Release|Any CPU.ActiveCfg = Release|Any CPU
		{22A31A54-7EBC-4581-8F6B-52AFD5E00E93}.Release|Any CPU.Build.0 = Release|Any CPU
		{3DD761F9-260E-4D38-9136-2BA9391255C0}.Debug|Any CPU.ActiveCfg = Debug|Any CPU
		{3DD761F9-260E-4D38-9136-2BA9391255C0}.Debug|Any CPU.Build.0 = Debug|Any CPU
		{3DD761F9-260E-4D38-9136-2BA9391255C0}.Release|Any CPU.ActiveCfg = Release|Any CPU
		{3DD761F9-260E-4D38-9136-2BA9391255C0}.Release|Any CPU.Build.0 = Release|Any CPU
		{BCA9B71F-42E4-42CC-A084-5660115BA65B}.Debug|Any CPU.ActiveCfg = Debug|Any CPU
		{BCA9B71F-42E4-42CC-A084-5660115BA65B}.Debug|Any CPU.Build.0 = Debug|Any CPU
		{BCA9B71F-42E4-42CC-A084-5660115BA65B}.Release|Any CPU.ActiveCfg = Release|Any CPU
		{BCA9B71F-42E4-42CC-A084-5660115BA65B}.Release|Any CPU.Build.0 = Release|Any CPU
		{F9DBA31B-8E1F-4136-A02D-4733E5A8358E}.Debug|Any CPU.ActiveCfg = Debug|Any CPU
		{F9DBA31B-8E1F-4136-A02D-4733E5A8358E}.Debug|Any CPU.Build.0 = Debug|Any CPU
		{F9DBA31B-8E1F-4136-A02D-4733E5A8358E}.Release|Any CPU.ActiveCfg = Release|Any CPU
		{F9DBA31B-8E1F-4136-A02D-4733E5A8358E}.Release|Any CPU.Build.0 = Release|Any CPU
		{4E439B5F-3186-44CE-9621-F0B1ED0FD8A5}.Debug|Any CPU.ActiveCfg = Debug|Any CPU
		{4E439B5F-3186-44CE-9621-F0B1ED0FD8A5}.Debug|Any CPU.Build.0 = Debug|Any CPU
		{4E439B5F-3186-44CE-9621-F0B1ED0FD8A5}.Release|Any CPU.ActiveCfg = Release|Any CPU
		{4E439B5F-3186-44CE-9621-F0B1ED0FD8A5}.Release|Any CPU.Build.0 = Release|Any CPU
		{64210D9C-0D4A-47B9-9F90-76EADFE2C6F0}.Debug|Any CPU.ActiveCfg = Debug|Any CPU
		{64210D9C-0D4A-47B9-9F90-76EADFE2C6F0}.Debug|Any CPU.Build.0 = Debug|Any CPU
		{64210D9C-0D4A-47B9-9F90-76EADFE2C6F0}.Release|Any CPU.ActiveCfg = Release|Any CPU
		{64210D9C-0D4A-47B9-9F90-76EADFE2C6F0}.Release|Any CPU.Build.0 = Release|Any CPU
		{0ABB0802-A9CB-437F-BFF8-E09E500A5543}.Debug|Any CPU.ActiveCfg = Debug|Any CPU
		{0ABB0802-A9CB-437F-BFF8-E09E500A5543}.Debug|Any CPU.Build.0 = Debug|Any CPU
		{0ABB0802-A9CB-437F-BFF8-E09E500A5543}.Release|Any CPU.ActiveCfg = Release|Any CPU
		{0ABB0802-A9CB-437F-BFF8-E09E500A5543}.Release|Any CPU.Build.0 = Release|Any CPU
	EndGlobalSection
	GlobalSection(SolutionProperties) = preSolution
		HideSolutionNode = FALSE
	EndGlobalSection
	GlobalSection(NestedProjects) = preSolution
		{0DC0E95A-57DC-4FE6-84EC-210E3713B718} = {496137DD-8827-44AC-9A9A-215A86E5D393}
		{3EBC8A29-61F8-41E9-A4C4-4B90E2D55A9F} = {0DC0E95A-57DC-4FE6-84EC-210E3713B718}
		{AA1A9190-ED66-4E1B-8119-496EAE0F655D} = {0DC0E95A-57DC-4FE6-84EC-210E3713B718}
		{325F6314-12BB-4767-BD63-353BAB9C5997} = {0DC0E95A-57DC-4FE6-84EC-210E3713B718}
		{19A2562E-C30B-4147-9BCA-CC03C8F543BD} = {0DC0E95A-57DC-4FE6-84EC-210E3713B718}
		{9FEECEF8-0CA3-4DC8-820C-3FB4BC27B85D} = {496137DD-8827-44AC-9A9A-215A86E5D393}
		{953D0C9A-BBFF-4497-8C39-B17028DAE71E} = {9FEECEF8-0CA3-4DC8-820C-3FB4BC27B85D}
		{22A31A54-7EBC-4581-8F6B-52AFD5E00E93} = {9FEECEF8-0CA3-4DC8-820C-3FB4BC27B85D}
		{3DD761F9-260E-4D38-9136-2BA9391255C0} = {9FEECEF8-0CA3-4DC8-820C-3FB4BC27B85D}
		{BCA9B71F-42E4-42CC-A084-5660115BA65B} = {9FEECEF8-0CA3-4DC8-820C-3FB4BC27B85D}
		{B5FC8FBF-F681-41BE-BC32-1902080A2D3F} = {496137DD-8827-44AC-9A9A-215A86E5D393}
		{F9DBA31B-8E1F-4136-A02D-4733E5A8358E} = {B5FC8FBF-F681-41BE-BC32-1902080A2D3F}
		{4E439B5F-3186-44CE-9621-F0B1ED0FD8A5} = {B5FC8FBF-F681-41BE-BC32-1902080A2D3F}
		{64210D9C-0D4A-47B9-9F90-76EADFE2C6F0} = {B5FC8FBF-F681-41BE-BC32-1902080A2D3F}
		{0ABB0802-A9CB-437F-BFF8-E09E500A5543} = {B5FC8FBF-F681-41BE-BC32-1902080A2D3F}
	EndGlobalSection
	GlobalSection(ExtensibilityGlobals) = postSolution
		SolutionGuid = {B4B8ABD6-7C51-4E7B-BA17-3C9F182FACA0}
	EndGlobalSection
EndGlobal
