
Microsoft Visual Studio Solution File, Format Version 12.00
# Visual Studio Version 17
VisualStudioVersion = 17.7.34024.191
MinimumVisualStudioVersion = 10.0.40219.1
Project("{2150E333-8FDC-42A3-9474-1A3956D46DE8}") = "Services", "Services", "{496137DD-8827-44AC-9A9A-215A86E5D393}"
EndProject
Project("{2150E333-8FDC-42A3-9474-1A3956D46DE8}") = "Catalog", "Catalog", "{0DC0E95A-57DC-4FE6-84EC-210E3713B718}"
EndProject
Project("{FAE04EC0-301F-11D3-BF4B-00C04F79EFBC}") = "Catalog.API", "Catalog\Catalog.API\Catalog.API.csproj", "{79325C5A-C33D-411E-B975-F588768118BD}"
EndProject
Project("{FAE04EC0-301F-11D3-BF4B-00C04F79EFBC}") = "Catalog.Core", "Catalog\Catalog.Core\Catalog.Core.csproj", "{3DA9A49A-48AF-4266-9277-12F86B4F6E2D}"
EndProject
Project("{FAE04EC0-301F-11D3-BF4B-00C04F79EFBC}") = "Catalog.Application", "Catalog\Catalog.Application\Catalog.Application.csproj", "{4DAB3AB4-5757-425C-8904-70106560B305}"
EndProject
Project("{FAE04EC0-301F-11D3-BF4B-00C04F79EFBC}") = "Catalog.Infrastructure", "Catalog\Catalog.Infrastructure\Catalog.Infrastructure.csproj", "{B73AEBBB-0A89-4D56-90E2-AF46947E65FB}"
EndProject
Global
	GlobalSection(SolutionConfigurationPlatforms) = preSolution
		Debug|Any CPU = Debug|Any CPU
		Release|Any CPU = Release|Any CPU
	EndGlobalSection
	GlobalSection(ProjectConfigurationPlatforms) = postSolution
		{79325C5A-C33D-411E-B975-F588768118BD}.Debug|Any CPU.ActiveCfg = Debug|Any CPU
		{79325C5A-C33D-411E-B975-F588768118BD}.Debug|Any CPU.Build.0 = Debug|Any CPU
		{79325C5A-C33D-411E-B975-F588768118BD}.Release|Any CPU.ActiveCfg = Release|Any CPU
		{79325C5A-C33D-411E-B975-F588768118BD}.Release|Any CPU.Build.0 = Release|Any CPU
		{3DA9A49A-48AF-4266-9277-12F86B4F6E2D}.Debug|Any CPU.ActiveCfg = Debug|Any CPU
		{3DA9A49A-48AF-4266-9277-12F86B4F6E2D}.Debug|Any CPU.Build.0 = Debug|Any CPU
		{3DA9A49A-48AF-4266-9277-12F86B4F6E2D}.Release|Any CPU.ActiveCfg = Release|Any CPU
		{3DA9A49A-48AF-4266-9277-12F86B4F6E2D}.Release|Any CPU.Build.0 = Release|Any CPU
		{4DAB3AB4-5757-425C-8904-70106560B305}.Debug|Any CPU.ActiveCfg = Debug|Any CPU
		{4DAB3AB4-5757-425C-8904-70106560B305}.Debug|Any CPU.Build.0 = Debug|Any CPU
		{4DAB3AB4-5757-425C-8904-70106560B305}.Release|Any CPU.ActiveCfg = Release|Any CPU
		{4DAB3AB4-5757-425C-8904-70106560B305}.Release|Any CPU.Build.0 = Release|Any CPU
		{B73AEBBB-0A89-4D56-90E2-AF46947E65FB}.Debug|Any CPU.ActiveCfg = Debug|Any CPU
		{B73AEBBB-0A89-4D56-90E2-AF46947E65FB}.Debug|Any CPU.Build.0 = Debug|Any CPU
		{B73AEBBB-0A89-4D56-90E2-AF46947E65FB}.Release|Any CPU.ActiveCfg = Release|Any CPU
		{B73AEBBB-0A89-4D56-90E2-AF46947E65FB}.Release|Any CPU.Build.0 = Release|Any CPU
	EndGlobalSection
	GlobalSection(SolutionProperties) = preSolution
		HideSolutionNode = FALSE
	EndGlobalSection
	GlobalSection(NestedProjects) = preSolution
		{0DC0E95A-57DC-4FE6-84EC-210E3713B718} = {496137DD-8827-44AC-9A9A-215A86E5D393}
		{79325C5A-C33D-411E-B975-F588768118BD} = {0DC0E95A-57DC-4FE6-84EC-210E3713B718}
		{3DA9A49A-48AF-4266-9277-12F86B4F6E2D} = {0DC0E95A-57DC-4FE6-84EC-210E3713B718}
		{4DAB3AB4-5757-425C-8904-70106560B305} = {0DC0E95A-57DC-4FE6-84EC-210E3713B718}
		{B73AEBBB-0A89-4D56-90E2-AF46947E65FB} = {0DC0E95A-57DC-4FE6-84EC-210E3713B718}
	EndGlobalSection
	GlobalSection(ExtensibilityGlobals) = postSolution
		SolutionGuid = {B4B8ABD6-7C51-4E7B-BA17-3C9F182FACA0}
	EndGlobalSection
EndGlobal
